
Microsoft Visual Studio Solution File, Format Version 12.00
# Visual Studio 14
VisualStudioVersion = 14.0.25420.1
MinimumVisualStudioVersion = 10.0.40219.1
Project("{FAE04EC0-301F-11D3-BF4B-00C04F79EFBC}") = "Domain", "Domain\Domain.csproj", "{6CFA5F6B-0BE8-4868-BA31-F5BA7FDC1201}"
EndProject
Project("{FAE04EC0-301F-11D3-BF4B-00C04F79EFBC}") = "WebUI", "WebUI\WebUI.csproj", "{60941476-3961-4DC2-8DE2-85D57AE27B38}"
EndProject
Project("{FAE04EC0-301F-11D3-BF4B-00C04F79EFBC}") = "Tests", "Tests\Tests.csproj", "{4CF60904-E133-4B8E-A032-72A5619B5A1D}"
EndProject
Global
	GlobalSection(SolutionConfigurationPlatforms) = preSolution
		Debug|Any CPU = Debug|Any CPU
		Release|Any CPU = Release|Any CPU
	EndGlobalSection
	GlobalSection(ProjectConfigurationPlatforms) = postSolution
		{6CFA5F6B-0BE8-4868-BA31-F5BA7FDC1201}.Debug|Any CPU.ActiveCfg = Debug|Any CPU
		{6CFA5F6B-0BE8-4868-BA31-F5BA7FDC1201}.Debug|Any CPU.Build.0 = Debug|Any CPU
		{6CFA5F6B-0BE8-4868-BA31-F5BA7FDC1201}.Release|Any CPU.ActiveCfg = Release|Any CPU
		{6CFA5F6B-0BE8-4868-BA31-F5BA7FDC1201}.Release|Any CPU.Build.0 = Release|Any CPU
		{60941476-3961-4DC2-8DE2-85D57AE27B38}.Debug|Any CPU.ActiveCfg = Debug|Any CPU
		{60941476-3961-4DC2-8DE2-85D57AE27B38}.Debug|Any CPU.Build.0 = Debug|Any CPU
		{60941476-3961-4DC2-8DE2-85D57AE27B38}.Release|Any CPU.ActiveCfg = Release|Any CPU
		{60941476-3961-4DC2-8DE2-85D57AE27B38}.Release|Any CPU.Build.0 = Release|Any CPU
		{4CF60904-E133-4B8E-A032-72A5619B5A1D}.Debug|Any CPU.ActiveCfg = Debug|Any CPU
		{4CF60904-E133-4B8E-A032-72A5619B5A1D}.Debug|Any CPU.Build.0 = Debug|Any CPU
		{4CF60904-E133-4B8E-A032-72A5619B5A1D}.Release|Any CPU.ActiveCfg = Release|Any CPU
		{4CF60904-E133-4B8E-A032-72A5619B5A1D}.Release|Any CPU.Build.0 = Release|Any CPU
	EndGlobalSection
	GlobalSection(SolutionProperties) = preSolution
		HideSolutionNode = FALSE
	EndGlobalSection
EndGlobal
